// !$*UTF8*$!
{
	archiveVersion = 1;
	classes = {
	};
	objectVersion = 46;
	objects = {

/* Begin PBXBuildFile section */
		02104A3222BBC7D200E7ACE6 /* ImageAPI.swift in Sources */ = {isa = PBXBuildFile; fileRef = 02104A3122BBC7D200E7ACE6 /* ImageAPI.swift */; };
		02151FAA22A0462000A6A94A /* Color.xcassets in Resources */ = {isa = PBXBuildFile; fileRef = 02151FA922A0462000A6A94A /* Color.xcassets */; };
		021A0A2E22BFAB5C00479AFC /* RoundButton.swift in Sources */ = {isa = PBXBuildFile; fileRef = 021A0A2D22BFAB5C00479AFC /* RoundButton.swift */; };
		021A0A3022BFC62500479AFC /* DesignableFile.swift in Sources */ = {isa = PBXBuildFile; fileRef = 021A0A2F22BFC62500479AFC /* DesignableFile.swift */; };
		024F3461228F5314007249C8 /* Et3amRestaurantTests in Resources */ = {isa = PBXBuildFile; fileRef = 024F3460228F5314007249C8 /* Et3amRestaurantTests */; };
		0255B5932295F61600853B20 /* AddMealViewController.swift in Sources */ = {isa = PBXBuildFile; fileRef = 0255B5922295F61600853B20 /* AddMealViewController.swift */; };
		0255B597229636F300853B20 /* MealDelegate.swift in Sources */ = {isa = PBXBuildFile; fileRef = 0255B596229636F300853B20 /* MealDelegate.swift */; };
		0255B599229641E800853B20 /* UpdateMealViewController.swift in Sources */ = {isa = PBXBuildFile; fileRef = 0255B598229641E800853B20 /* UpdateMealViewController.swift */; };
		025DB0E4228E726D0090B714 /* LoginViewController.swift in Sources */ = {isa = PBXBuildFile; fileRef = 025DB0E3228E726D0090B714 /* LoginViewController.swift */; };
		025DB0E8228E76090090B714 /* Et3amRestaurantUITests in Resources */ = {isa = PBXBuildFile; fileRef = 025DB0E7228E76090090B714 /* Et3amRestaurantUITests */; };
		02677B582296A67B00CC4845 /* UpdateMealDelegate.swift in Sources */ = {isa = PBXBuildFile; fileRef = 02677B572296A67B00CC4845 /* UpdateMealDelegate.swift */; };
		029180E722907150002D3712 /* Et3amRestuarantAPI.swift in Sources */ = {isa = PBXBuildFile; fileRef = 029180E622907150002D3712 /* Et3amRestuarantAPI.swift */; };
		029180E92290974E002D3712 /* Resturant.swift in Sources */ = {isa = PBXBuildFile; fileRef = 029180E82290974E002D3712 /* Resturant.swift */; };
		029180EE22909BF2002D3712 /* ResturantDAO.swift in Sources */ = {isa = PBXBuildFile; fileRef = 029180ED22909BF2002D3712 /* ResturantDAO.swift */; };
		029180F022909C01002D3712 /* MealDAO.swift in Sources */ = {isa = PBXBuildFile; fileRef = 029180EF22909C01002D3712 /* MealDAO.swift */; };
		029180F222909C1A002D3712 /* CouponDAO.swift in Sources */ = {isa = PBXBuildFile; fileRef = 029180F122909C1A002D3712 /* CouponDAO.swift */; };
		02BFC7CF22BBE06D008B3627 /* UpdateMealViewController.swift in Sources */ = {isa = PBXBuildFile; fileRef = 0255B598229641E800853B20 /* UpdateMealViewController.swift */; };
		02C965B4229F6A44006D400A /* UserSoredData.swift in Sources */ = {isa = PBXBuildFile; fileRef = 02C965B3229F6A44006D400A /* UserSoredData.swift */; };
		58FA0EBB6932FA697332592D /* Pods_Et3amRestaurantTests.framework in Frameworks */ = {isa = PBXBuildFile; fileRef = 8EC1CEC95AD775155BF7DB11 /* Pods_Et3amRestaurantTests.framework */; };
		B0833226E769AF5259AC0A41 /* Pods_Et3amRestaurant.framework in Frameworks */ = {isa = PBXBuildFile; fileRef = CA25622BA9D565E57580533C /* Pods_Et3amRestaurant.framework */; };
		B15BB3118326BD00125744D8 /* Pods_Et3amRestaurantUITests.framework in Frameworks */ = {isa = PBXBuildFile; fileRef = D53AC73527B6C79284470213 /* Pods_Et3amRestaurantUITests.framework */; };
		C71594B6228CA2E90016126D /* MealTableViewCell.swift in Sources */ = {isa = PBXBuildFile; fileRef = C71594B5228CA2E90016126D /* MealTableViewCell.swift */; };
		C71594B8228CB42B0016126D /* MealViewController.swift in Sources */ = {isa = PBXBuildFile; fileRef = C71594B7228CB42B0016126D /* MealViewController.swift */; };
		C71594BA228CCAC80016126D /* HistoryTableViewCell.swift in Sources */ = {isa = PBXBuildFile; fileRef = C71594B9228CCAC80016126D /* HistoryTableViewCell.swift */; };
		C723670B228C17B800ED07BD /* Coupon.swift in Sources */ = {isa = PBXBuildFile; fileRef = C723670A228C17B800ED07BD /* Coupon.swift */; };
		C723670D228C17CC00ED07BD /* Meal.swift in Sources */ = {isa = PBXBuildFile; fileRef = C723670C228C17CC00ED07BD /* Meal.swift */; };
		C759FF5C228C217E00F1DD41 /* VerificationViewController.swift in Sources */ = {isa = PBXBuildFile; fileRef = C759FF5B228C217E00F1DD41 /* VerificationViewController.swift */; };
		C75B9A6B2289755000795EC1 /* AppDelegate.swift in Sources */ = {isa = PBXBuildFile; fileRef = C75B9A6A2289755000795EC1 /* AppDelegate.swift */; };
		C75B9A6D2289755000795EC1 /* ViewController.swift in Sources */ = {isa = PBXBuildFile; fileRef = C75B9A6C2289755000795EC1 /* ViewController.swift */; };
		C75B9A702289755000795EC1 /* Main.storyboard in Resources */ = {isa = PBXBuildFile; fileRef = C75B9A6E2289755000795EC1 /* Main.storyboard */; };
		C75B9A732289755000795EC1 /* Et3amRestaurant.xcdatamodeld in Sources */ = {isa = PBXBuildFile; fileRef = C75B9A712289755000795EC1 /* Et3amRestaurant.xcdatamodeld */; };
		C75B9A752289755000795EC1 /* Assets.xcassets in Resources */ = {isa = PBXBuildFile; fileRef = C75B9A742289755000795EC1 /* Assets.xcassets */; };
		C75B9A782289755000795EC1 /* LaunchScreen.storyboard in Resources */ = {isa = PBXBuildFile; fileRef = C75B9A762289755000795EC1 /* LaunchScreen.storyboard */; };
		C75B9A832289755000795EC1 /* Et3amRestaurantTests.swift in Sources */ = {isa = PBXBuildFile; fileRef = C75B9A822289755000795EC1 /* Et3amRestaurantTests.swift */; };
		C75B9A8E2289755000795EC1 /* Et3amRestaurantUITests.swift in Sources */ = {isa = PBXBuildFile; fileRef = C75B9A8D2289755000795EC1 /* Et3amRestaurantUITests.swift */; };
		C7799B9B228C31B300FE3BF1 /* HistoryViewController.swift in Sources */ = {isa = PBXBuildFile; fileRef = C7799B9A228C31B300FE3BF1 /* HistoryViewController.swift */; };
/* End PBXBuildFile section */

/* Begin PBXContainerItemProxy section */
		C75B9A7F2289755000795EC1 /* PBXContainerItemProxy */ = {
			isa = PBXContainerItemProxy;
			containerPortal = C75B9A5F2289755000795EC1 /* Project object */;
			proxyType = 1;
			remoteGlobalIDString = C75B9A662289755000795EC1;
			remoteInfo = Et3amRestaurant;
		};
		C75B9A8A2289755000795EC1 /* PBXContainerItemProxy */ = {
			isa = PBXContainerItemProxy;
			containerPortal = C75B9A5F2289755000795EC1 /* Project object */;
			proxyType = 1;
			remoteGlobalIDString = C75B9A662289755000795EC1;
			remoteInfo = Et3amRestaurant;
		};
/* End PBXContainerItemProxy section */

/* Begin PBXFileReference section */
		02104A3122BBC7D200E7ACE6 /* ImageAPI.swift */ = {isa = PBXFileReference; fileEncoding = 4; lastKnownFileType = sourcecode.swift; path = ImageAPI.swift; sourceTree = "<group>"; };
		02151FA922A0462000A6A94A /* Color.xcassets */ = {isa = PBXFileReference; lastKnownFileType = folder.assetcatalog; path = Color.xcassets; sourceTree = "<group>"; };
		021A0A2D22BFAB5C00479AFC /* RoundButton.swift */ = {isa = PBXFileReference; fileEncoding = 4; lastKnownFileType = sourcecode.swift; path = RoundButton.swift; sourceTree = "<group>"; };
		021A0A2F22BFC62500479AFC /* DesignableFile.swift */ = {isa = PBXFileReference; fileEncoding = 4; lastKnownFileType = sourcecode.swift; path = DesignableFile.swift; sourceTree = "<group>"; };
		024F3460228F5314007249C8 /* Et3amRestaurantTests */ = {isa = PBXFileReference; lastKnownFileType = folder; path = Et3amRestaurantTests; sourceTree = "<group>"; };
		0255B5922295F61600853B20 /* AddMealViewController.swift */ = {isa = PBXFileReference; fileEncoding = 4; lastKnownFileType = sourcecode.swift; path = AddMealViewController.swift; sourceTree = "<group>"; };
		0255B596229636F300853B20 /* MealDelegate.swift */ = {isa = PBXFileReference; fileEncoding = 4; lastKnownFileType = sourcecode.swift; path = MealDelegate.swift; sourceTree = "<group>"; };
		0255B598229641E800853B20 /* UpdateMealViewController.swift */ = {isa = PBXFileReference; fileEncoding = 4; lastKnownFileType = sourcecode.swift; path = UpdateMealViewController.swift; sourceTree = "<group>"; };
		025DB0E3228E726D0090B714 /* LoginViewController.swift */ = {isa = PBXFileReference; fileEncoding = 4; lastKnownFileType = sourcecode.swift; path = LoginViewController.swift; sourceTree = "<group>"; };
		025DB0E7228E76090090B714 /* Et3amRestaurantUITests */ = {isa = PBXFileReference; lastKnownFileType = folder; path = Et3amRestaurantUITests; sourceTree = "<group>"; };
		02677B572296A67B00CC4845 /* UpdateMealDelegate.swift */ = {isa = PBXFileReference; fileEncoding = 4; lastKnownFileType = sourcecode.swift; path = UpdateMealDelegate.swift; sourceTree = "<group>"; };
		029180E622907150002D3712 /* Et3amRestuarantAPI.swift */ = {isa = PBXFileReference; fileEncoding = 4; lastKnownFileType = sourcecode.swift; path = Et3amRestuarantAPI.swift; sourceTree = "<group>"; };
		029180E82290974E002D3712 /* Resturant.swift */ = {isa = PBXFileReference; fileEncoding = 4; lastKnownFileType = sourcecode.swift; path = Resturant.swift; sourceTree = "<group>"; };
		029180ED22909BF2002D3712 /* ResturantDAO.swift */ = {isa = PBXFileReference; fileEncoding = 4; lastKnownFileType = sourcecode.swift; path = ResturantDAO.swift; sourceTree = "<group>"; };
		029180EF22909C01002D3712 /* MealDAO.swift */ = {isa = PBXFileReference; fileEncoding = 4; lastKnownFileType = sourcecode.swift; path = MealDAO.swift; sourceTree = "<group>"; };
		029180F122909C1A002D3712 /* CouponDAO.swift */ = {isa = PBXFileReference; fileEncoding = 4; lastKnownFileType = sourcecode.swift; path = CouponDAO.swift; sourceTree = "<group>"; };
		02C965B3229F6A44006D400A /* UserSoredData.swift */ = {isa = PBXFileReference; fileEncoding = 4; lastKnownFileType = sourcecode.swift; path = UserSoredData.swift; sourceTree = "<group>"; };
		1AFFBAF753EA0AF70A798384 /* Pods-Et3amRestaurantUITests.release.xcconfig */ = {isa = PBXFileReference; includeInIndex = 1; lastKnownFileType = text.xcconfig; name = "Pods-Et3amRestaurantUITests.release.xcconfig"; path = "Target Support Files/Pods-Et3amRestaurantUITests/Pods-Et3amRestaurantUITests.release.xcconfig"; sourceTree = "<group>"; };
		3BCB4A938C6B31AE12870F6B /* Pods-Et3amRestaurant.debug.xcconfig */ = {isa = PBXFileReference; includeInIndex = 1; lastKnownFileType = text.xcconfig; name = "Pods-Et3amRestaurant.debug.xcconfig"; path = "Target Support Files/Pods-Et3amRestaurant/Pods-Et3amRestaurant.debug.xcconfig"; sourceTree = "<group>"; };
		3D8D6DB6AE45921167A10954 /* Pods-Et3amRestaurant.release.xcconfig */ = {isa = PBXFileReference; includeInIndex = 1; lastKnownFileType = text.xcconfig; name = "Pods-Et3amRestaurant.release.xcconfig"; path = "Target Support Files/Pods-Et3amRestaurant/Pods-Et3amRestaurant.release.xcconfig"; sourceTree = "<group>"; };
		8EC1CEC95AD775155BF7DB11 /* Pods_Et3amRestaurantTests.framework */ = {isa = PBXFileReference; explicitFileType = wrapper.framework; includeInIndex = 0; path = Pods_Et3amRestaurantTests.framework; sourceTree = BUILT_PRODUCTS_DIR; };
		B1629646BC2DC2A2936BFCE9 /* Pods-Et3amRestaurantUITests.debug.xcconfig */ = {isa = PBXFileReference; includeInIndex = 1; lastKnownFileType = text.xcconfig; name = "Pods-Et3amRestaurantUITests.debug.xcconfig"; path = "Target Support Files/Pods-Et3amRestaurantUITests/Pods-Et3amRestaurantUITests.debug.xcconfig"; sourceTree = "<group>"; };
		C71594B5228CA2E90016126D /* MealTableViewCell.swift */ = {isa = PBXFileReference; fileEncoding = 4; lastKnownFileType = sourcecode.swift; path = MealTableViewCell.swift; sourceTree = "<group>"; };
		C71594B7228CB42B0016126D /* MealViewController.swift */ = {isa = PBXFileReference; fileEncoding = 4; lastKnownFileType = sourcecode.swift; path = MealViewController.swift; sourceTree = "<group>"; };
		C71594B9228CCAC80016126D /* HistoryTableViewCell.swift */ = {isa = PBXFileReference; fileEncoding = 4; lastKnownFileType = sourcecode.swift; path = HistoryTableViewCell.swift; sourceTree = "<group>"; };
		C723670A228C17B800ED07BD /* Coupon.swift */ = {isa = PBXFileReference; fileEncoding = 4; lastKnownFileType = sourcecode.swift; path = Coupon.swift; sourceTree = "<group>"; };
		C723670C228C17CC00ED07BD /* Meal.swift */ = {isa = PBXFileReference; fileEncoding = 4; lastKnownFileType = sourcecode.swift; path = Meal.swift; sourceTree = "<group>"; };
		C759FF5B228C217E00F1DD41 /* VerificationViewController.swift */ = {isa = PBXFileReference; fileEncoding = 4; lastKnownFileType = sourcecode.swift; path = VerificationViewController.swift; sourceTree = "<group>"; };
		C75B9A672289755000795EC1 /* Et3amRestaurant.app */ = {isa = PBXFileReference; explicitFileType = wrapper.application; includeInIndex = 0; path = Et3amRestaurant.app; sourceTree = BUILT_PRODUCTS_DIR; };
		C75B9A6A2289755000795EC1 /* AppDelegate.swift */ = {isa = PBXFileReference; lastKnownFileType = sourcecode.swift; path = AppDelegate.swift; sourceTree = "<group>"; };
		C75B9A6C2289755000795EC1 /* ViewController.swift */ = {isa = PBXFileReference; lastKnownFileType = sourcecode.swift; name = ViewController.swift; path = Et3amRestaurant/ViewController.swift; sourceTree = "<group>"; };
		C75B9A6F2289755000795EC1 /* Base */ = {isa = PBXFileReference; lastKnownFileType = file.storyboard; name = Base; path = Base.lproj/Main.storyboard; sourceTree = "<group>"; };
		C75B9A722289755000795EC1 /* Et3amRestaurant.xcdatamodel */ = {isa = PBXFileReference; lastKnownFileType = wrapper.xcdatamodel; path = Et3amRestaurant.xcdatamodel; sourceTree = "<group>"; };
		C75B9A742289755000795EC1 /* Assets.xcassets */ = {isa = PBXFileReference; lastKnownFileType = folder.assetcatalog; path = Assets.xcassets; sourceTree = "<group>"; };
		C75B9A772289755000795EC1 /* Base */ = {isa = PBXFileReference; lastKnownFileType = file.storyboard; name = Base; path = Base.lproj/LaunchScreen.storyboard; sourceTree = "<group>"; };
		C75B9A792289755000795EC1 /* Info.plist */ = {isa = PBXFileReference; lastKnownFileType = text.plist.xml; path = Info.plist; sourceTree = "<group>"; };
		C75B9A7E2289755000795EC1 /* Et3amRestaurantTests.xctest */ = {isa = PBXFileReference; explicitFileType = wrapper.cfbundle; includeInIndex = 0; path = Et3amRestaurantTests.xctest; sourceTree = BUILT_PRODUCTS_DIR; };
		C75B9A822289755000795EC1 /* Et3amRestaurantTests.swift */ = {isa = PBXFileReference; lastKnownFileType = sourcecode.swift; path = Et3amRestaurantTests.swift; sourceTree = "<group>"; };
		C75B9A842289755000795EC1 /* Info.plist */ = {isa = PBXFileReference; lastKnownFileType = text.plist.xml; path = Info.plist; sourceTree = "<group>"; };
		C75B9A892289755000795EC1 /* Et3amRestaurantUITests.xctest */ = {isa = PBXFileReference; explicitFileType = wrapper.cfbundle; includeInIndex = 0; path = Et3amRestaurantUITests.xctest; sourceTree = BUILT_PRODUCTS_DIR; };
		C75B9A8D2289755000795EC1 /* Et3amRestaurantUITests.swift */ = {isa = PBXFileReference; lastKnownFileType = sourcecode.swift; path = Et3amRestaurantUITests.swift; sourceTree = "<group>"; };
		C75B9A8F2289755100795EC1 /* Info.plist */ = {isa = PBXFileReference; lastKnownFileType = text.plist.xml; path = Info.plist; sourceTree = "<group>"; };
		C7799B9A228C31B300FE3BF1 /* HistoryViewController.swift */ = {isa = PBXFileReference; fileEncoding = 4; lastKnownFileType = sourcecode.swift; path = HistoryViewController.swift; sourceTree = "<group>"; };
		CA25622BA9D565E57580533C /* Pods_Et3amRestaurant.framework */ = {isa = PBXFileReference; explicitFileType = wrapper.framework; includeInIndex = 0; path = Pods_Et3amRestaurant.framework; sourceTree = BUILT_PRODUCTS_DIR; };
		D26BA90A41ACD2BC500B6E90 /* Pods-Et3amRestaurantTests.release.xcconfig */ = {isa = PBXFileReference; includeInIndex = 1; lastKnownFileType = text.xcconfig; name = "Pods-Et3amRestaurantTests.release.xcconfig"; path = "Target Support Files/Pods-Et3amRestaurantTests/Pods-Et3amRestaurantTests.release.xcconfig"; sourceTree = "<group>"; };
		D53AC73527B6C79284470213 /* Pods_Et3amRestaurantUITests.framework */ = {isa = PBXFileReference; explicitFileType = wrapper.framework; includeInIndex = 0; path = Pods_Et3amRestaurantUITests.framework; sourceTree = BUILT_PRODUCTS_DIR; };
		E31BC227CD895F62426A1608 /* Pods-Et3amRestaurantTests.debug.xcconfig */ = {isa = PBXFileReference; includeInIndex = 1; lastKnownFileType = text.xcconfig; name = "Pods-Et3amRestaurantTests.debug.xcconfig"; path = "Target Support Files/Pods-Et3amRestaurantTests/Pods-Et3amRestaurantTests.debug.xcconfig"; sourceTree = "<group>"; };
/* End PBXFileReference section */

/* Begin PBXFrameworksBuildPhase section */
		C75B9A642289755000795EC1 /* Frameworks */ = {
			isa = PBXFrameworksBuildPhase;
			buildActionMask = 2147483647;
			files = (
				B0833226E769AF5259AC0A41 /* Pods_Et3amRestaurant.framework in Frameworks */,
			);
			runOnlyForDeploymentPostprocessing = 0;
		};
		C75B9A7B2289755000795EC1 /* Frameworks */ = {
			isa = PBXFrameworksBuildPhase;
			buildActionMask = 2147483647;
			files = (
				58FA0EBB6932FA697332592D /* Pods_Et3amRestaurantTests.framework in Frameworks */,
			);
			runOnlyForDeploymentPostprocessing = 0;
		};
		C75B9A862289755000795EC1 /* Frameworks */ = {
			isa = PBXFrameworksBuildPhase;
			buildActionMask = 2147483647;
			files = (
				B15BB3118326BD00125744D8 /* Pods_Et3amRestaurantUITests.framework in Frameworks */,
			);
			runOnlyForDeploymentPostprocessing = 0;
		};
/* End PBXFrameworksBuildPhase section */

/* Begin PBXGroup section */
		02104A2E22BBC56D00E7ACE6 /* Netowrk */ = {
			isa = PBXGroup;
			children = (
				029180E622907150002D3712 /* Et3amRestuarantAPI.swift */,
			);
			name = Netowrk;
			sourceTree = "<group>";
		};
		02151FA6229FF0EC00A6A94A /* resources */ = {
			isa = PBXGroup;
			children = (
			);
			name = resources;
			sourceTree = "<group>";
		};
		0217BFBC22933AE4004235C5 /* View */ = {
			isa = PBXGroup;
			children = (
				C75B9A6E2289755000795EC1 /* Main.storyboard */,
				021A0A2F22BFC62500479AFC /* DesignableFile.swift */,
			);
			name = View;
			sourceTree = "<group>";
		};
		021A0A2C22BFAB3900479AFC /* Extensions */ = {
			isa = PBXGroup;
			children = (
				021A0A2D22BFAB5C00479AFC /* RoundButton.swift */,
			);
			name = Extensions;
			sourceTree = "<group>";
		};
		0255B595229636C700853B20 /* Protocol */ = {
			isa = PBXGroup;
			children = (
				0255B596229636F300853B20 /* MealDelegate.swift */,
				02677B572296A67B00CC4845 /* UpdateMealDelegate.swift */,
			);
			name = Protocol;
			sourceTree = "<group>";
		};
		029180EA22909BA4002D3712 /* Pojo */ = {
			isa = PBXGroup;
			children = (
				C723670A228C17B800ED07BD /* Coupon.swift */,
				C723670C228C17CC00ED07BD /* Meal.swift */,
				029180E82290974E002D3712 /* Resturant.swift */,
			);
			name = Pojo;
			sourceTree = "<group>";
		};
		029180EB22909BCB002D3712 /* DAO */ = {
			isa = PBXGroup;
			children = (
				029180ED22909BF2002D3712 /* ResturantDAO.swift */,
				029180EF22909C01002D3712 /* MealDAO.swift */,
				029180F122909C1A002D3712 /* CouponDAO.swift */,
			);
			name = DAO;
			sourceTree = "<group>";
		};
		3C192B1F9C4F3D0637C2344C /* Pods */ = {
			isa = PBXGroup;
			children = (
				3BCB4A938C6B31AE12870F6B /* Pods-Et3amRestaurant.debug.xcconfig */,
				3D8D6DB6AE45921167A10954 /* Pods-Et3amRestaurant.release.xcconfig */,
				E31BC227CD895F62426A1608 /* Pods-Et3amRestaurantTests.debug.xcconfig */,
				D26BA90A41ACD2BC500B6E90 /* Pods-Et3amRestaurantTests.release.xcconfig */,
				B1629646BC2DC2A2936BFCE9 /* Pods-Et3amRestaurantUITests.debug.xcconfig */,
				1AFFBAF753EA0AF70A798384 /* Pods-Et3amRestaurantUITests.release.xcconfig */,
			);
			path = Pods;
			sourceTree = "<group>";
		};
		BD237EE1B57EF833B5DA912E /* Frameworks */ = {
			isa = PBXGroup;
			children = (
				CA25622BA9D565E57580533C /* Pods_Et3amRestaurant.framework */,
				8EC1CEC95AD775155BF7DB11 /* Pods_Et3amRestaurantTests.framework */,
				D53AC73527B6C79284470213 /* Pods_Et3amRestaurantUITests.framework */,
			);
			name = Frameworks;
			sourceTree = "<group>";
		};
		C72366BA228AA7DA00ED07BD /* Resources */ = {
			isa = PBXGroup;
			children = (
			);
			name = Resources;
			sourceTree = "<group>";
		};
		C72366C3228ACDC500ED07BD /* Utils */ = {
			isa = PBXGroup;
			children = (
				02104A2E22BBC56D00E7ACE6 /* Netowrk */,
			);
			name = Utils;
			sourceTree = "<group>";
		};
		C72366C9228B064D00ED07BD /* Model */ = {
			isa = PBXGroup;
			children = (
				02C965B3229F6A44006D400A /* UserSoredData.swift */,
				02104A3122BBC7D200E7ACE6 /* ImageAPI.swift */,
				029180EA22909BA4002D3712 /* Pojo */,
				029180EB22909BCB002D3712 /* DAO */,
			);
			name = Model;
			sourceTree = "<group>";
		};
		C759FF5A228C205600F1DD41 /* Controller */ = {
			isa = PBXGroup;
			children = (
				C75B9A6C2289755000795EC1 /* ViewController.swift */,
				C759FF5B228C217E00F1DD41 /* VerificationViewController.swift */,
				C7799B9A228C31B300FE3BF1 /* HistoryViewController.swift */,
				C71594B5228CA2E90016126D /* MealTableViewCell.swift */,
				C71594B7228CB42B0016126D /* MealViewController.swift */,
				C71594B9228CCAC80016126D /* HistoryTableViewCell.swift */,
				025DB0E3228E726D0090B714 /* LoginViewController.swift */,
				0255B5922295F61600853B20 /* AddMealViewController.swift */,
				0255B598229641E800853B20 /* UpdateMealViewController.swift */,
			);
			name = Controller;
			sourceTree = "<group>";
		};
		C75B9A5E2289755000795EC1 = {
			isa = PBXGroup;
			children = (
				021A0A2C22BFAB3900479AFC /* Extensions */,
				02151FA6229FF0EC00A6A94A /* resources */,
				0255B595229636C700853B20 /* Protocol */,
				0217BFBC22933AE4004235C5 /* View */,
				C759FF5A228C205600F1DD41 /* Controller */,
				C72366C9228B064D00ED07BD /* Model */,
				C72366C3228ACDC500ED07BD /* Utils */,
				C72366BA228AA7DA00ED07BD /* Resources */,
				C75B9A692289755000795EC1 /* Et3amRestaurant */,
				C75B9A812289755000795EC1 /* Et3amRestaurantTests */,
				C75B9A8C2289755000795EC1 /* Et3amRestaurantUITests */,
				C75B9A682289755000795EC1 /* Products */,
				024F3460228F5314007249C8 /* Et3amRestaurantTests */,
				025DB0E7228E76090090B714 /* Et3amRestaurantUITests */,
				3C192B1F9C4F3D0637C2344C /* Pods */,
				BD237EE1B57EF833B5DA912E /* Frameworks */,
			);
			sourceTree = "<group>";
		};
		C75B9A682289755000795EC1 /* Products */ = {
			isa = PBXGroup;
			children = (
				C75B9A672289755000795EC1 /* Et3amRestaurant.app */,
				C75B9A7E2289755000795EC1 /* Et3amRestaurantTests.xctest */,
				C75B9A892289755000795EC1 /* Et3amRestaurantUITests.xctest */,
			);
			name = Products;
			sourceTree = "<group>";
		};
		C75B9A692289755000795EC1 /* Et3amRestaurant */ = {
			isa = PBXGroup;
			children = (
				C75B9A6A2289755000795EC1 /* AppDelegate.swift */,
				C75B9A742289755000795EC1 /* Assets.xcassets */,
				C75B9A762289755000795EC1 /* LaunchScreen.storyboard */,
				C75B9A792289755000795EC1 /* Info.plist */,
				C75B9A712289755000795EC1 /* Et3amRestaurant.xcdatamodeld */,
				02151FA922A0462000A6A94A /* Color.xcassets */,
			);
			path = Et3amRestaurant;
			sourceTree = "<group>";
		};
		C75B9A812289755000795EC1 /* Et3amRestaurantTests */ = {
			isa = PBXGroup;
			children = (
				C75B9A822289755000795EC1 /* Et3amRestaurantTests.swift */,
				C75B9A842289755000795EC1 /* Info.plist */,
			);
			path = Et3amRestaurantTests;
			sourceTree = "<group>";
		};
		C75B9A8C2289755000795EC1 /* Et3amRestaurantUITests */ = {
			isa = PBXGroup;
			children = (
				C75B9A8D2289755000795EC1 /* Et3amRestaurantUITests.swift */,
				C75B9A8F2289755100795EC1 /* Info.plist */,
			);
			path = Et3amRestaurantUITests;
			sourceTree = "<group>";
		};
/* End PBXGroup section */

/* Begin PBXNativeTarget section */
		C75B9A662289755000795EC1 /* Et3amRestaurant */ = {
			isa = PBXNativeTarget;
			buildConfigurationList = C75B9A922289755100795EC1 /* Build configuration list for PBXNativeTarget "Et3amRestaurant" */;
			buildPhases = (
				F6F99B599C46A5FE452BFAA0 /* [CP] Check Pods Manifest.lock */,
				C75B9A632289755000795EC1 /* Sources */,
				C75B9A642289755000795EC1 /* Frameworks */,
				C75B9A652289755000795EC1 /* Resources */,
				B5646E9953D76FCD88DA0C39 /* [CP] Embed Pods Frameworks */,
			);
			buildRules = (
			);
			dependencies = (
			);
			name = Et3amRestaurant;
			productName = Et3amRestaurant;
			productReference = C75B9A672289755000795EC1 /* Et3amRestaurant.app */;
			productType = "com.apple.product-type.application";
		};
		C75B9A7D2289755000795EC1 /* Et3amRestaurantTests */ = {
			isa = PBXNativeTarget;
			buildConfigurationList = C75B9A952289755100795EC1 /* Build configuration list for PBXNativeTarget "Et3amRestaurantTests" */;
			buildPhases = (
				31F35AEE0CD834F6EB2AE2C4 /* [CP] Check Pods Manifest.lock */,
				C75B9A7A2289755000795EC1 /* Sources */,
				C75B9A7B2289755000795EC1 /* Frameworks */,
				C75B9A7C2289755000795EC1 /* Resources */,
			);
			buildRules = (
			);
			dependencies = (
				C75B9A802289755000795EC1 /* PBXTargetDependency */,
			);
			name = Et3amRestaurantTests;
			productName = Et3amRestaurantTests;
			productReference = C75B9A7E2289755000795EC1 /* Et3amRestaurantTests.xctest */;
			productType = "com.apple.product-type.bundle.unit-test";
		};
		C75B9A882289755000795EC1 /* Et3amRestaurantUITests */ = {
			isa = PBXNativeTarget;
			buildConfigurationList = C75B9A982289755100795EC1 /* Build configuration list for PBXNativeTarget "Et3amRestaurantUITests" */;
			buildPhases = (
				DFB043F5D267E53F3011028A /* [CP] Check Pods Manifest.lock */,
				C75B9A852289755000795EC1 /* Sources */,
				C75B9A862289755000795EC1 /* Frameworks */,
				C75B9A872289755000795EC1 /* Resources */,
			);
			buildRules = (
			);
			dependencies = (
				C75B9A8B2289755000795EC1 /* PBXTargetDependency */,
			);
			name = Et3amRestaurantUITests;
			productName = Et3amRestaurantUITests;
			productReference = C75B9A892289755000795EC1 /* Et3amRestaurantUITests.xctest */;
			productType = "com.apple.product-type.bundle.ui-testing";
		};
/* End PBXNativeTarget section */

/* Begin PBXProject section */
		C75B9A5F2289755000795EC1 /* Project object */ = {
			isa = PBXProject;
			attributes = {
				LastSwiftUpdateCheck = 0820;
				LastUpgradeCheck = 0820;
				ORGANIZATIONNAME = Jets39;
				TargetAttributes = {
					C75B9A662289755000795EC1 = {
						CreatedOnToolsVersion = 8.2.1;
						ProvisioningStyle = Automatic;
					};
					C75B9A7D2289755000795EC1 = {
						CreatedOnToolsVersion = 8.2.1;
						ProvisioningStyle = Automatic;
						TestTargetID = C75B9A662289755000795EC1;
					};
					C75B9A882289755000795EC1 = {
						CreatedOnToolsVersion = 8.2.1;
						ProvisioningStyle = Automatic;
						TestTargetID = C75B9A662289755000795EC1;
					};
				};
			};
			buildConfigurationList = C75B9A622289755000795EC1 /* Build configuration list for PBXProject "Et3amRestaurant" */;
			compatibilityVersion = "Xcode 3.2";
			developmentRegion = English;
			hasScannedForEncodings = 0;
			knownRegions = (
				en,
				Base,
			);
			mainGroup = C75B9A5E2289755000795EC1;
			productRefGroup = C75B9A682289755000795EC1 /* Products */;
			projectDirPath = "";
			projectRoot = "";
			targets = (
				C75B9A662289755000795EC1 /* Et3amRestaurant */,
				C75B9A7D2289755000795EC1 /* Et3amRestaurantTests */,
				C75B9A882289755000795EC1 /* Et3amRestaurantUITests */,
			);
		};
/* End PBXProject section */

/* Begin PBXResourcesBuildPhase section */
		C75B9A652289755000795EC1 /* Resources */ = {
			isa = PBXResourcesBuildPhase;
			buildActionMask = 2147483647;
			files = (
				C75B9A782289755000795EC1 /* LaunchScreen.storyboard in Resources */,
				024F3461228F5314007249C8 /* Et3amRestaurantTests in Resources */,
				C75B9A752289755000795EC1 /* Assets.xcassets in Resources */,
				02151FAA22A0462000A6A94A /* Color.xcassets in Resources */,
				025DB0E8228E76090090B714 /* Et3amRestaurantUITests in Resources */,
				C75B9A702289755000795EC1 /* Main.storyboard in Resources */,
			);
			runOnlyForDeploymentPostprocessing = 0;
		};
		C75B9A7C2289755000795EC1 /* Resources */ = {
			isa = PBXResourcesBuildPhase;
			buildActionMask = 2147483647;
			files = (
			);
			runOnlyForDeploymentPostprocessing = 0;
		};
		C75B9A872289755000795EC1 /* Resources */ = {
			isa = PBXResourcesBuildPhase;
			buildActionMask = 2147483647;
			files = (
			);
			runOnlyForDeploymentPostprocessing = 0;
		};
/* End PBXResourcesBuildPhase section */

/* Begin PBXShellScriptBuildPhase section */
		31F35AEE0CD834F6EB2AE2C4 /* [CP] Check Pods Manifest.lock */ = {
			isa = PBXShellScriptBuildPhase;
			buildActionMask = 2147483647;
			files = (
			);
			inputPaths = (
				"${PODS_PODFILE_DIR_PATH}/Podfile.lock",
				"${PODS_ROOT}/Manifest.lock",
			);
			name = "[CP] Check Pods Manifest.lock";
			outputPaths = (
				"$(DERIVED_FILE_DIR)/Pods-Et3amRestaurantTests-checkManifestLockResult.txt",
			);
			runOnlyForDeploymentPostprocessing = 0;
			shellPath = /bin/sh;
			shellScript = "diff \"${PODS_PODFILE_DIR_PATH}/Podfile.lock\" \"${PODS_ROOT}/Manifest.lock\" > /dev/null\nif [ $? != 0 ] ; then\n    # print error to STDERR\n    echo \"error: The sandbox is not in sync with the Podfile.lock. Run 'pod install' or update your CocoaPods installation.\" >&2\n    exit 1\nfi\n# This output is used by Xcode 'outputs' to avoid re-running this script phase.\necho \"SUCCESS\" > \"${SCRIPT_OUTPUT_FILE_0}\"\n";
			showEnvVarsInLog = 0;
		};
		B5646E9953D76FCD88DA0C39 /* [CP] Embed Pods Frameworks */ = {
			isa = PBXShellScriptBuildPhase;
			buildActionMask = 2147483647;
			files = (
			);
			inputPaths = (
				"${PODS_ROOT}/Target Support Files/Pods-Et3amRestaurant/Pods-Et3amRestaurant-frameworks.sh",
				"${BUILT_PRODUCTS_DIR}/Alamofire/Alamofire.framework",
				"${BUILT_PRODUCTS_DIR}/ChameleonFramework/ChameleonFramework.framework",
				"${BUILT_PRODUCTS_DIR}/SDWebImage/SDWebImage.framework",
				"${BUILT_PRODUCTS_DIR}/SVProgressHUD/SVProgressHUD.framework",
				"${BUILT_PRODUCTS_DIR}/SwiftyJSON/SwiftyJSON.framework",
			);
			name = "[CP] Embed Pods Frameworks";
			outputPaths = (
				"${TARGET_BUILD_DIR}/${FRAMEWORKS_FOLDER_PATH}/Alamofire.framework",
				"${TARGET_BUILD_DIR}/${FRAMEWORKS_FOLDER_PATH}/ChameleonFramework.framework",
				"${TARGET_BUILD_DIR}/${FRAMEWORKS_FOLDER_PATH}/SDWebImage.framework",
				"${TARGET_BUILD_DIR}/${FRAMEWORKS_FOLDER_PATH}/SVProgressHUD.framework",
				"${TARGET_BUILD_DIR}/${FRAMEWORKS_FOLDER_PATH}/SwiftyJSON.framework",
			);
			runOnlyForDeploymentPostprocessing = 0;
			shellPath = /bin/sh;
			shellScript = "\"${PODS_ROOT}/Target Support Files/Pods-Et3amRestaurant/Pods-Et3amRestaurant-frameworks.sh\"\n";
			showEnvVarsInLog = 0;
		};
		DFB043F5D267E53F3011028A /* [CP] Check Pods Manifest.lock */ = {
			isa = PBXShellScriptBuildPhase;
			buildActionMask = 2147483647;
			files = (
			);
			inputPaths = (
				"${PODS_PODFILE_DIR_PATH}/Podfile.lock",
				"${PODS_ROOT}/Manifest.lock",
			);
			name = "[CP] Check Pods Manifest.lock";
			outputPaths = (
				"$(DERIVED_FILE_DIR)/Pods-Et3amRestaurantUITests-checkManifestLockResult.txt",
			);
			runOnlyForDeploymentPostprocessing = 0;
			shellPath = /bin/sh;
			shellScript = "diff \"${PODS_PODFILE_DIR_PATH}/Podfile.lock\" \"${PODS_ROOT}/Manifest.lock\" > /dev/null\nif [ $? != 0 ] ; then\n    # print error to STDERR\n    echo \"error: The sandbox is not in sync with the Podfile.lock. Run 'pod install' or update your CocoaPods installation.\" >&2\n    exit 1\nfi\n# This output is used by Xcode 'outputs' to avoid re-running this script phase.\necho \"SUCCESS\" > \"${SCRIPT_OUTPUT_FILE_0}\"\n";
			showEnvVarsInLog = 0;
		};
		F6F99B599C46A5FE452BFAA0 /* [CP] Check Pods Manifest.lock */ = {
			isa = PBXShellScriptBuildPhase;
			buildActionMask = 2147483647;
			files = (
			);
			inputPaths = (
				"${PODS_PODFILE_DIR_PATH}/Podfile.lock",
				"${PODS_ROOT}/Manifest.lock",
			);
			name = "[CP] Check Pods Manifest.lock";
			outputPaths = (
				"$(DERIVED_FILE_DIR)/Pods-Et3amRestaurant-checkManifestLockResult.txt",
			);
			runOnlyForDeploymentPostprocessing = 0;
			shellPath = /bin/sh;
			shellScript = "diff \"${PODS_PODFILE_DIR_PATH}/Podfile.lock\" \"${PODS_ROOT}/Manifest.lock\" > /dev/null\nif [ $? != 0 ] ; then\n    # print error to STDERR\n    echo \"error: The sandbox is not in sync with the Podfile.lock. Run 'pod install' or update your CocoaPods installation.\" >&2\n    exit 1\nfi\n# This output is used by Xcode 'outputs' to avoid re-running this script phase.\necho \"SUCCESS\" > \"${SCRIPT_OUTPUT_FILE_0}\"\n";
			showEnvVarsInLog = 0;
		};
/* End PBXShellScriptBuildPhase section */

/* Begin PBXSourcesBuildPhase section */
		C75B9A632289755000795EC1 /* Sources */ = {
			isa = PBXSourcesBuildPhase;
			buildActionMask = 2147483647;
			files = (
				029180F022909C01002D3712 /* MealDAO.swift in Sources */,
				029180E92290974E002D3712 /* Resturant.swift in Sources */,
				025DB0E4228E726D0090B714 /* LoginViewController.swift in Sources */,
				029180E722907150002D3712 /* Et3amRestuarantAPI.swift in Sources */,
				C759FF5C228C217E00F1DD41 /* VerificationViewController.swift in Sources */,
				0255B599229641E800853B20 /* UpdateMealViewController.swift in Sources */,
				C71594B8228CB42B0016126D /* MealViewController.swift in Sources */,
				029180EE22909BF2002D3712 /* ResturantDAO.swift in Sources */,
				0255B597229636F300853B20 /* MealDelegate.swift in Sources */,
				C71594B6228CA2E90016126D /* MealTableViewCell.swift in Sources */,
				029180F222909C1A002D3712 /* CouponDAO.swift in Sources */,
				02104A3222BBC7D200E7ACE6 /* ImageAPI.swift in Sources */,
				C7799B9B228C31B300FE3BF1 /* HistoryViewController.swift in Sources */,
				C723670D228C17CC00ED07BD /* Meal.swift in Sources */,
				C71594BA228CCAC80016126D /* HistoryTableViewCell.swift in Sources */,
				C75B9A732289755000795EC1 /* Et3amRestaurant.xcdatamodeld in Sources */,
				C723670B228C17B800ED07BD /* Coupon.swift in Sources */,
				021A0A2E22BFAB5C00479AFC /* RoundButton.swift in Sources */,
				C75B9A6D2289755000795EC1 /* ViewController.swift in Sources */,
				02C965B4229F6A44006D400A /* UserSoredData.swift in Sources */,
				0255B5932295F61600853B20 /* AddMealViewController.swift in Sources */,
				021A0A3022BFC62500479AFC /* DesignableFile.swift in Sources */,
				02677B582296A67B00CC4845 /* UpdateMealDelegate.swift in Sources */,
				C75B9A6B2289755000795EC1 /* AppDelegate.swift in Sources */,
			);
			runOnlyForDeploymentPostprocessing = 0;
		};
		C75B9A7A2289755000795EC1 /* Sources */ = {
			isa = PBXSourcesBuildPhase;
			buildActionMask = 2147483647;
			files = (
				02BFC7CF22BBE06D008B3627 /* UpdateMealViewController.swift in Sources */,
				C75B9A832289755000795EC1 /* Et3amRestaurantTests.swift in Sources */,
			);
			runOnlyForDeploymentPostprocessing = 0;
		};
		C75B9A852289755000795EC1 /* Sources */ = {
			isa = PBXSourcesBuildPhase;
			buildActionMask = 2147483647;
			files = (
				C75B9A8E2289755000795EC1 /* Et3amRestaurantUITests.swift in Sources */,
			);
			runOnlyForDeploymentPostprocessing = 0;
		};
/* End PBXSourcesBuildPhase section */

/* Begin PBXTargetDependency section */
		C75B9A802289755000795EC1 /* PBXTargetDependency */ = {
			isa = PBXTargetDependency;
			target = C75B9A662289755000795EC1 /* Et3amRestaurant */;
			targetProxy = C75B9A7F2289755000795EC1 /* PBXContainerItemProxy */;
		};
		C75B9A8B2289755000795EC1 /* PBXTargetDependency */ = {
			isa = PBXTargetDependency;
			target = C75B9A662289755000795EC1 /* Et3amRestaurant */;
			targetProxy = C75B9A8A2289755000795EC1 /* PBXContainerItemProxy */;
		};
/* End PBXTargetDependency section */

/* Begin PBXVariantGroup section */
		C75B9A6E2289755000795EC1 /* Main.storyboard */ = {
			isa = PBXVariantGroup;
			children = (
				C75B9A6F2289755000795EC1 /* Base */,
			);
			name = Main.storyboard;
			path = Et3amRestaurant;
			sourceTree = "<group>";
		};
		C75B9A762289755000795EC1 /* LaunchScreen.storyboard */ = {
			isa = PBXVariantGroup;
			children = (
				C75B9A772289755000795EC1 /* Base */,
			);
			name = LaunchScreen.storyboard;
			sourceTree = "<group>";
		};
/* End PBXVariantGroup section */

/* Begin XCBuildConfiguration section */
		C75B9A902289755100795EC1 /* Debug */ = {
			isa = XCBuildConfiguration;
			buildSettings = {
				ALWAYS_SEARCH_USER_PATHS = NO;
				CLANG_ANALYZER_NONNULL = YES;
				CLANG_CXX_LANGUAGE_STANDARD = "gnu++0x";
				CLANG_CXX_LIBRARY = "libc++";
				CLANG_ENABLE_MODULES = YES;
				CLANG_ENABLE_OBJC_ARC = YES;
				CLANG_WARN_BOOL_CONVERSION = YES;
				CLANG_WARN_CONSTANT_CONVERSION = YES;
				CLANG_WARN_DIRECT_OBJC_ISA_USAGE = YES_ERROR;
				CLANG_WARN_DOCUMENTATION_COMMENTS = YES;
				CLANG_WARN_EMPTY_BODY = YES;
				CLANG_WARN_ENUM_CONVERSION = YES;
				CLANG_WARN_INFINITE_RECURSION = YES;
				CLANG_WARN_INT_CONVERSION = YES;
				CLANG_WARN_OBJC_ROOT_CLASS = YES_ERROR;
				CLANG_WARN_SUSPICIOUS_MOVE = YES;
				CLANG_WARN_UNREACHABLE_CODE = YES;
				CLANG_WARN__DUPLICATE_METHOD_MATCH = YES;
				"CODE_SIGN_IDENTITY[sdk=iphoneos*]" = "iPhone Developer";
				COPY_PHASE_STRIP = NO;
				DEBUG_INFORMATION_FORMAT = dwarf;
				ENABLE_STRICT_OBJC_MSGSEND = YES;
				ENABLE_TESTABILITY = YES;
				GCC_C_LANGUAGE_STANDARD = gnu99;
				GCC_DYNAMIC_NO_PIC = NO;
				GCC_NO_COMMON_BLOCKS = YES;
				GCC_OPTIMIZATION_LEVEL = 0;
				GCC_PREPROCESSOR_DEFINITIONS = (
					"DEBUG=1",
					"$(inherited)",
				);
				GCC_WARN_64_TO_32_BIT_CONVERSION = YES;
				GCC_WARN_ABOUT_RETURN_TYPE = YES_ERROR;
				GCC_WARN_UNDECLARED_SELECTOR = YES;
				GCC_WARN_UNINITIALIZED_AUTOS = YES_AGGRESSIVE;
				GCC_WARN_UNUSED_FUNCTION = YES;
				GCC_WARN_UNUSED_VARIABLE = YES;
				IPHONEOS_DEPLOYMENT_TARGET = 10.2;
				MTL_ENABLE_DEBUG_INFO = YES;
				ONLY_ACTIVE_ARCH = YES;
				SDKROOT = iphoneos;
				SWIFT_ACTIVE_COMPILATION_CONDITIONS = DEBUG;
				SWIFT_OPTIMIZATION_LEVEL = "-Onone";
				TARGETED_DEVICE_FAMILY = "1,2";
			};
			name = Debug;
		};
		C75B9A912289755100795EC1 /* Release */ = {
			isa = XCBuildConfiguration;
			buildSettings = {
				ALWAYS_SEARCH_USER_PATHS = NO;
				CLANG_ANALYZER_NONNULL = YES;
				CLANG_CXX_LANGUAGE_STANDARD = "gnu++0x";
				CLANG_CXX_LIBRARY = "libc++";
				CLANG_ENABLE_MODULES = YES;
				CLANG_ENABLE_OBJC_ARC = YES;
				CLANG_WARN_BOOL_CONVERSION = YES;
				CLANG_WARN_CONSTANT_CONVERSION = YES;
				CLANG_WARN_DIRECT_OBJC_ISA_USAGE = YES_ERROR;
				CLANG_WARN_DOCUMENTATION_COMMENTS = YES;
				CLANG_WARN_EMPTY_BODY = YES;
				CLANG_WARN_ENUM_CONVERSION = YES;
				CLANG_WARN_INFINITE_RECURSION = YES;
				CLANG_WARN_INT_CONVERSION = YES;
				CLANG_WARN_OBJC_ROOT_CLASS = YES_ERROR;
				CLANG_WARN_SUSPICIOUS_MOVE = YES;
				CLANG_WARN_UNREACHABLE_CODE = YES;
				CLANG_WARN__DUPLICATE_METHOD_MATCH = YES;
				"CODE_SIGN_IDENTITY[sdk=iphoneos*]" = "iPhone Developer";
				COPY_PHASE_STRIP = NO;
				DEBUG_INFORMATION_FORMAT = "dwarf-with-dsym";
				ENABLE_NS_ASSERTIONS = NO;
				ENABLE_STRICT_OBJC_MSGSEND = YES;
				GCC_C_LANGUAGE_STANDARD = gnu99;
				GCC_NO_COMMON_BLOCKS = YES;
				GCC_WARN_64_TO_32_BIT_CONVERSION = YES;
				GCC_WARN_ABOUT_RETURN_TYPE = YES_ERROR;
				GCC_WARN_UNDECLARED_SELECTOR = YES;
				GCC_WARN_UNINITIALIZED_AUTOS = YES_AGGRESSIVE;
				GCC_WARN_UNUSED_FUNCTION = YES;
				GCC_WARN_UNUSED_VARIABLE = YES;
				IPHONEOS_DEPLOYMENT_TARGET = 10.2;
				MTL_ENABLE_DEBUG_INFO = NO;
				SDKROOT = iphoneos;
				SWIFT_OPTIMIZATION_LEVEL = "-Owholemodule";
				TARGETED_DEVICE_FAMILY = "1,2";
				VALIDATE_PRODUCT = YES;
			};
			name = Release;
		};
		C75B9A932289755100795EC1 /* Debug */ = {
			isa = XCBuildConfiguration;
			baseConfigurationReference = 3BCB4A938C6B31AE12870F6B /* Pods-Et3amRestaurant.debug.xcconfig */;
			buildSettings = {
				ASSETCATALOG_COMPILER_APPICON_NAME = AppIcon;
				INFOPLIST_FILE = Et3amRestaurant/Info.plist;
				LD_RUNPATH_SEARCH_PATHS = "$(inherited) @executable_path/Frameworks";
				PRODUCT_BUNDLE_IDENTIFIER = jets.Et3amRestaurant;
				PRODUCT_NAME = "$(TARGET_NAME)";
				SWIFT_VERSION = 3.0;
			};
			name = Debug;
		};
		C75B9A942289755100795EC1 /* Release */ = {
			isa = XCBuildConfiguration;
			baseConfigurationReference = 3D8D6DB6AE45921167A10954 /* Pods-Et3amRestaurant.release.xcconfig */;
			buildSettings = {
				ASSETCATALOG_COMPILER_APPICON_NAME = AppIcon;
				INFOPLIST_FILE = Et3amRestaurant/Info.plist;
				LD_RUNPATH_SEARCH_PATHS = "$(inherited) @executable_path/Frameworks";
				PRODUCT_BUNDLE_IDENTIFIER = jets.Et3amRestaurant;
				PRODUCT_NAME = "$(TARGET_NAME)";
				SWIFT_VERSION = 3.0;
			};
			name = Release;
		};
		C75B9A962289755100795EC1 /* Debug */ = {
			isa = XCBuildConfiguration;
			baseConfigurationReference = E31BC227CD895F62426A1608 /* Pods-Et3amRestaurantTests.debug.xcconfig */;
			buildSettings = {
				ALWAYS_EMBED_SWIFT_STANDARD_LIBRARIES = YES;
				BUNDLE_LOADER = "$(TEST_HOST)";
				INFOPLIST_FILE = Et3amRestaurantTests/Info.plist;
				LD_RUNPATH_SEARCH_PATHS = "$(inherited) @executable_path/Frameworks @loader_path/Frameworks";
				PRODUCT_BUNDLE_IDENTIFIER = jets.Et3amRestaurantTests;
				PRODUCT_NAME = "$(TARGET_NAME)";
				SWIFT_VERSION = 3.0;
				TEST_HOST = "$(BUILT_PRODUCTS_DIR)/Et3amRestaurant.app/Et3amRestaurant";
			};
			name = Debug;
		};
		C75B9A972289755100795EC1 /* Release */ = {
			isa = XCBuildConfiguration;
			baseConfigurationReference = D26BA90A41ACD2BC500B6E90 /* Pods-Et3amRestaurantTests.release.xcconfig */;
			buildSettings = {
				ALWAYS_EMBED_SWIFT_STANDARD_LIBRARIES = YES;
				BUNDLE_LOADER = "$(TEST_HOST)";
				INFOPLIST_FILE = Et3amRestaurantTests/Info.plist;
				LD_RUNPATH_SEARCH_PATHS = "$(inherited) @executable_path/Frameworks @loader_path/Frameworks";
				PRODUCT_BUNDLE_IDENTIFIER = jets.Et3amRestaurantTests;
				PRODUCT_NAME = "$(TARGET_NAME)";
				SWIFT_VERSION = 3.0;
				TEST_HOST = "$(BUILT_PRODUCTS_DIR)/Et3amRestaurant.app/Et3amRestaurant";
			};
			name = Release;
		};
		C75B9A992289755100795EC1 /* Debug */ = {
			isa = XCBuildConfiguration;
			baseConfigurationReference = B1629646BC2DC2A2936BFCE9 /* Pods-Et3amRestaurantUITests.debug.xcconfig */;
			buildSettings = {
				ALWAYS_EMBED_SWIFT_STANDARD_LIBRARIES = YES;
				INFOPLIST_FILE = Et3amRestaurantUITests/Info.plist;
				LD_RUNPATH_SEARCH_PATHS = "$(inherited) @executable_path/Frameworks @loader_path/Frameworks";
				PRODUCT_BUNDLE_IDENTIFIER = jets.Et3amRestaurantUITests;
				PRODUCT_NAME = "$(TARGET_NAME)";
				SWIFT_VERSION = 3.0;
				TEST_TARGET_NAME = Et3amRestaurant;
			};
			name = Debug;
		};
		C75B9A9A2289755100795EC1 /* Release */ = {
			isa = XCBuildConfiguration;
			baseConfigurationReference = 1AFFBAF753EA0AF70A798384 /* Pods-Et3amRestaurantUITests.release.xcconfig */;
			buildSettings = {
				ALWAYS_EMBED_SWIFT_STANDARD_LIBRARIES = YES;
				INFOPLIST_FILE = Et3amRestaurantUITests/Info.plist;
				LD_RUNPATH_SEARCH_PATHS = "$(inherited) @executable_path/Frameworks @loader_path/Frameworks";
				PRODUCT_BUNDLE_IDENTIFIER = jets.Et3amRestaurantUITests;
				PRODUCT_NAME = "$(TARGET_NAME)";
				SWIFT_VERSION = 3.0;
				TEST_TARGET_NAME = Et3amRestaurant;
			};
			name = Release;
		};
/* End XCBuildConfiguration section */

/* Begin XCConfigurationList section */
		C75B9A622289755000795EC1 /* Build configuration list for PBXProject "Et3amRestaurant" */ = {
			isa = XCConfigurationList;
			buildConfigurations = (
				C75B9A902289755100795EC1 /* Debug */,
				C75B9A912289755100795EC1 /* Release */,
			);
			defaultConfigurationIsVisible = 0;
			defaultConfigurationName = Release;
		};
		C75B9A922289755100795EC1 /* Build configuration list for PBXNativeTarget "Et3amRestaurant" */ = {
			isa = XCConfigurationList;
			buildConfigurations = (
				C75B9A932289755100795EC1 /* Debug */,
				C75B9A942289755100795EC1 /* Release */,
			);
			defaultConfigurationIsVisible = 0;
			defaultConfigurationName = Release;
		};
		C75B9A952289755100795EC1 /* Build configuration list for PBXNativeTarget "Et3amRestaurantTests" */ = {
			isa = XCConfigurationList;
			buildConfigurations = (
				C75B9A962289755100795EC1 /* Debug */,
				C75B9A972289755100795EC1 /* Release */,
			);
			defaultConfigurationIsVisible = 0;
			defaultConfigurationName = Release;
		};
		C75B9A982289755100795EC1 /* Build configuration list for PBXNativeTarget "Et3amRestaurantUITests" */ = {
			isa = XCConfigurationList;
			buildConfigurations = (
				C75B9A992289755100795EC1 /* Debug */,
				C75B9A9A2289755100795EC1 /* Release */,
			);
			defaultConfigurationIsVisible = 0;
			defaultConfigurationName = Release;
		};
/* End XCConfigurationList section */

/* Begin XCVersionGroup section */
		C75B9A712289755000795EC1 /* Et3amRestaurant.xcdatamodeld */ = {
			isa = XCVersionGroup;
			children = (
				C75B9A722289755000795EC1 /* Et3amRestaurant.xcdatamodel */,
			);
			currentVersion = C75B9A722289755000795EC1 /* Et3amRestaurant.xcdatamodel */;
			path = Et3amRestaurant.xcdatamodeld;
			sourceTree = "<group>";
			versionGroupType = wrapper.xcdatamodel;
		};
/* End XCVersionGroup section */
	};
	rootObject = C75B9A5F2289755000795EC1 /* Project object */;
}
